// !$*UTF8*$!
{
	archiveVersion = 1;
	classes = {
	};
	objectVersion = 46;
	objects = {

/* Begin PBXBuildFile section */
		FFCB18951A788BA5001810D7 /* KBImageScrollViewTests.m in Sources */ = {isa = PBXBuildFile; fileRef = FFCB18941A788BA5001810D7 /* KBImageScrollViewTests.m */; };
/* End PBXBuildFile section */

/* Begin PBXFileReference section */
		FFCB18861A788BA5001810D7 /* Info.plist */ = {isa = PBXFileReference; lastKnownFileType = text.plist.xml; path = Info.plist; sourceTree = "<group>"; };
		FFCB18871A788BA5001810D7 /* KBImageScrollView.h */ = {isa = PBXFileReference; lastKnownFileType = sourcecode.c.h; path = KBImageScrollView.h; sourceTree = "<group>"; };
		FFCB188D1A788BA5001810D7 /* KBImageScrollViewTests.xctest */ = {isa = PBXFileReference; explicitFileType = wrapper.cfbundle; includeInIndex = 0; path = KBImageScrollViewTests.xctest; sourceTree = BUILT_PRODUCTS_DIR; };
		FFCB18931A788BA5001810D7 /* Info.plist */ = {isa = PBXFileReference; lastKnownFileType = text.plist.xml; path = Info.plist; sourceTree = "<group>"; };
		FFCB18941A788BA5001810D7 /* KBImageScrollViewTests.m */ = {isa = PBXFileReference; lastKnownFileType = sourcecode.c.objc; path = KBImageScrollViewTests.m; sourceTree = "<group>"; };
/* End PBXFileReference section */

/* Begin PBXFrameworksBuildPhase section */
		FFCB188A1A788BA5001810D7 /* Frameworks */ = {
			isa = PBXFrameworksBuildPhase;
			buildActionMask = 2147483647;
			files = (
			);
			runOnlyForDeploymentPostprocessing = 0;
		};
/* End PBXFrameworksBuildPhase section */

/* Begin PBXGroup section */
		FFCB18781A788BA4001810D7 = {
			isa = PBXGroup;
			children = (
				FFCB18841A788BA5001810D7 /* KBImageScrollView */,
				FFCB18911A788BA5001810D7 /* KBImageScrollViewTests */,
				FFCB18831A788BA5001810D7 /* Products */,
			);
			sourceTree = "<group>";
		};
		FFCB18831A788BA5001810D7 /* Products */ = {
			isa = PBXGroup;
			children = (
				FFCB188D1A788BA5001810D7 /* KBImageScrollViewTests.xctest */,
			);
			name = Products;
			sourceTree = "<group>";
		};
		FFCB18841A788BA5001810D7 /* KBImageScrollView */ = {
			isa = PBXGroup;
			children = (
				FFCB18871A788BA5001810D7 /* KBImageScrollView.h */,
				FFCB18851A788BA5001810D7 /* Supporting Files */,
			);
			path = KBImageScrollView;
			sourceTree = "<group>";
		};
		FFCB18851A788BA5001810D7 /* Supporting Files */ = {
			isa = PBXGroup;
			children = (
				FFCB18861A788BA5001810D7 /* Info.plist */,
			);
			name = "Supporting Files";
			sourceTree = "<group>";
		};
		FFCB18911A788BA5001810D7 /* KBImageScrollViewTests */ = {
			isa = PBXGroup;
			children = (
				FFCB18941A788BA5001810D7 /* KBImageScrollViewTests.m */,
				FFCB18921A788BA5001810D7 /* Supporting Files */,
			);
			path = KBImageScrollViewTests;
			sourceTree = "<group>";
		};
		FFCB18921A788BA5001810D7 /* Supporting Files */ = {
			isa = PBXGroup;
			children = (
				FFCB18931A788BA5001810D7 /* Info.plist */,
			);
			name = "Supporting Files";
			sourceTree = "<group>";
		};
/* End PBXGroup section */

/* Begin PBXNativeTarget section */
		FFCB188C1A788BA5001810D7 /* KBImageScrollViewTests */ = {
			isa = PBXNativeTarget;
			buildConfigurationList = FFCB189B1A788BA5001810D7 /* Build configuration list for PBXNativeTarget "KBImageScrollViewTests" */;
			buildPhases = (
				FFCB18891A788BA5001810D7 /* Sources */,
				FFCB188A1A788BA5001810D7 /* Frameworks */,
				FFCB188B1A788BA5001810D7 /* Resources */,
			);
			buildRules = (
			);
			dependencies = (
			);
			name = KBImageScrollViewTests;
			productName = KBImageScrollViewTests;
			productReference = FFCB188D1A788BA5001810D7 /* KBImageScrollViewTests.xctest */;
			productType = "com.apple.product-type.bundle.unit-test";
		};
/* End PBXNativeTarget section */

/* Begin PBXProject section */
		FFCB18791A788BA4001810D7 /* Project object */ = {
			isa = PBXProject;
			attributes = {
				LastUpgradeCheck = 0610;
				ORGANIZATIONNAME = "Khoi Truong Minh";
				TargetAttributes = {
					FFCB188C1A788BA5001810D7 = {
						CreatedOnToolsVersion = 6.1;
					};
				};
			};
			buildConfigurationList = FFCB187C1A788BA4001810D7 /* Build configuration list for PBXProject "KBImageScrollView" */;
			compatibilityVersion = "Xcode 3.2";
			developmentRegion = English;
			hasScannedForEncodings = 0;
			knownRegions = (
				en,
			);
			mainGroup = FFCB18781A788BA4001810D7;
			productRefGroup = FFCB18831A788BA5001810D7 /* Products */;
			projectDirPath = "";
			projectRoot = "";
			targets = (
				FFCB188C1A788BA5001810D7 /* KBImageScrollViewTests */,
			);
		};
/* End PBXProject section */

/* Begin PBXResourcesBuildPhase section */
		FFCB188B1A788BA5001810D7 /* Resources */ = {
			isa = PBXResourcesBuildPhase;
			buildActionMask = 2147483647;
			files = (
			);
			runOnlyForDeploymentPostprocessing = 0;
		};
/* End PBXResourcesBuildPhase section */

/* Begin PBXSourcesBuildPhase section */
		FFCB18891A788BA5001810D7 /* Sources */ = {
			isa = PBXSourcesBuildPhase;
			buildActionMask = 2147483647;
			files = (
				FFCB18951A788BA5001810D7 /* KBImageScrollViewTests.m in Sources */,
			);
			runOnlyForDeploymentPostprocessing = 0;
		};
/* End PBXSourcesBuildPhase section */

/* Begin XCBuildConfiguration section */
		FFCB18961A788BA5001810D7 /* Debug */ = {
			isa = XCBuildConfiguration;
			buildSettings = {
				ALWAYS_SEARCH_USER_PATHS = NO;
				CLANG_CXX_LANGUAGE_STANDARD = "gnu++0x";
				CLANG_CXX_LIBRARY = "libc++";
				CLANG_ENABLE_MODULES = YES;
				CLANG_ENABLE_OBJC_ARC = YES;
				CLANG_WARN_BOOL_CONVERSION = YES;
				CLANG_WARN_CONSTANT_CONVERSION = YES;
				CLANG_WARN_DIRECT_OBJC_ISA_USAGE = YES_ERROR;
				CLANG_WARN_EMPTY_BODY = YES;
				CLANG_WARN_ENUM_CONVERSION = YES;
				CLANG_WARN_INT_CONVERSION = YES;
				CLANG_WARN_OBJC_ROOT_CLASS = YES_ERROR;
				CLANG_WARN_UNREACHABLE_CODE = YES;
				CLANG_WARN__DUPLICATE_METHOD_MATCH = YES;
				"CODE_SIGN_IDENTITY[sdk=iphoneos*]" = "iPhone Developer";
				COPY_PHASE_STRIP = NO;
				CURRENT_PROJECT_VERSION = 1;
				ENABLE_STRICT_OBJC_MSGSEND = YES;
				GCC_C_LANGUAGE_STANDARD = gnu99;
				GCC_DYNAMIC_NO_PIC = NO;
				GCC_OPTIMIZATION_LEVEL = 0;
				GCC_PREPROCESSOR_DEFINITIONS = (
					"DEBUG=1",
					"$(inherited)",
				);
				GCC_SYMBOLS_PRIVATE_EXTERN = NO;
				GCC_WARN_64_TO_32_BIT_CONVERSION = YES;
				GCC_WARN_ABOUT_RETURN_TYPE = YES_ERROR;
				GCC_WARN_UNDECLARED_SELECTOR = YES;
				GCC_WARN_UNINITIALIZED_AUTOS = YES_AGGRESSIVE;
				GCC_WARN_UNUSED_FUNCTION = YES;
				GCC_WARN_UNUSED_VARIABLE = YES;
				IPHONEOS_DEPLOYMENT_TARGET = 8.1;
				MTL_ENABLE_DEBUG_INFO = YES;
				ONLY_ACTIVE_ARCH = YES;
				SDKROOT = iphoneos;
				TARGETED_DEVICE_FAMILY = "1,2";
				VERSIONING_SYSTEM = "apple-generic";
				VERSION_INFO_PREFIX = "";
			};
			name = Debug;
		};
		FFCB18971A788BA5001810D7 /* Release */ = {
			isa = XCBuildConfiguration;
			buildSettings = {
				ALWAYS_SEARCH_USER_PATHS = NO;
				CLANG_CXX_LANGUAGE_STANDARD = "gnu++0x";
				CLANG_CXX_LIBRARY = "libc++";
				CLANG_ENABLE_MODULES = YES;
				CLANG_ENABLE_OBJC_ARC = YES;
				CLANG_WARN_BOOL_CONVERSION = YES;
				CLANG_WARN_CONSTANT_CONVERSION = YES;
				CLANG_WARN_DIRECT_OBJC_ISA_USAGE = YES_ERROR;
				CLANG_WARN_EMPTY_BODY = YES;
				CLANG_WARN_ENUM_CONVERSION = YES;
				CLANG_WARN_INT_CONVERSION = YES;
				CLANG_WARN_OBJC_ROOT_CLASS = YES_ERROR;
				CLANG_WARN_UNREACHABLE_CODE = YES;
				CLANG_WARN__DUPLICATE_METHOD_MATCH = YES;
				"CODE_SIGN_IDENTITY[sdk=iphoneos*]" = "iPhone Developer";
				COPY_PHASE_STRIP = YES;
				CURRENT_PROJECT_VERSION = 1;
				ENABLE_NS_ASSERTIONS = NO;
				ENABLE_STRICT_OBJC_MSGSEND = YES;
				GCC_C_LANGUAGE_STANDARD = gnu99;
				GCC_WARN_64_TO_32_BIT_CONVERSION = YES;
				GCC_WARN_ABOUT_RETURN_TYPE = YES_ERROR;
				GCC_WARN_UNDECLARED_SELECTOR = YES;
				GCC_WARN_UNINITIALIZED_AUTOS = YES_AGGRESSIVE;
				GCC_WARN_UNUSED_FUNCTION = YES;
				GCC_WARN_UNUSED_VARIABLE = YES;
				IPHONEOS_DEPLOYMENT_TARGET = 8.1;
				MTL_ENABLE_DEBUG_INFO = NO;
				SDKROOT = iphoneos;
				TARGETED_DEVICE_FAMILY = "1,2";
				VALIDATE_PRODUCT = YES;
				VERSIONING_SYSTEM = "apple-generic";
				VERSION_INFO_PREFIX = "";
			};
			name = Release;
		};
		FFCB189C1A788BA5001810D7 /* Debug */ = {
			isa = XCBuildConfiguration;
			buildSettings = {
				FRAMEWORK_SEARCH_PATHS = (
					"$(SDKROOT)/Developer/Library/Frameworks",
					"$(inherited)",
				);
				GCC_PREPROCESSOR_DEFINITIONS = (
					"DEBUG=1",
					"$(inherited)",
				);
				INFOPLIST_FILE = KBImageScrollViewTests/Info.plist;
				LD_RUNPATH_SEARCH_PATHS = "$(inherited) @executable_path/Frameworks @loader_path/Frameworks";
				PRODUCT_NAME = "$(TARGET_NAME)";
			};
			name = Debug;
		};
		FFCB189D1A788BA5001810D7 /* Release */ = {
			isa = XCBuildConfiguration;
			buildSettings = {
				FRAMEWORK_SEARCH_PATHS = (
					"$(SDKROOT)/Developer/Library/Frameworks",
					"$(inherited)",
				);
				INFOPLIST_FILE = KBImageScrollViewTests/Info.plist;
				LD_RUNPATH_SEARCH_PATHS = "$(inherited) @executable_path/Frameworks @loader_path/Frameworks";
				PRODUCT_NAME = "$(TARGET_NAME)";
			};
			name = Release;
		};
/* End XCBuildConfiguration section */

/* Begin XCConfigurationList section */
		FFCB187C1A788BA4001810D7 /* Build configuration list for PBXProject "KBImageScrollView" */ = {
			isa = XCConfigurationList;
			buildConfigurations = (
				FFCB18961A788BA5001810D7 /* Debug */,
				FFCB18971A788BA5001810D7 /* Release */,
			);
			defaultConfigurationIsVisible = 0;
			defaultConfigurationName = Release;
		};
		FFCB189B1A788BA5001810D7 /* Build configuration list for PBXNativeTarget "KBImageScrollViewTests" */ = {
			isa = XCConfigurationList;
			buildConfigurations = (
				FFCB189C1A788BA5001810D7 /* Debug */,
				FFCB189D1A788BA5001810D7 /* Release */,
			);
			defaultConfigurationIsVisible = 0;
			defaultConfigurationName = Release;
		};
/* End XCConfigurationList section */
	};
	rootObject = FFCB18791A788BA4001810D7 /* Project object */;
}
