// !$*UTF8*$!
{
	archiveVersion = 1;
	classes = {
	};
	objectVersion = 46;
	objects = {

/* Begin PBXBuildFile section */
		FF0C93F61A7A159D00B4072B /* 6.jpg in Resources */ = {isa = PBXBuildFile; fileRef = FF0C93F41A7A159D00B4072B /* 6.jpg */; };
		FF0C93F71A7A159D00B4072B /* 7.jpg in Resources */ = {isa = PBXBuildFile; fileRef = FF0C93F51A7A159D00B4072B /* 7.jpg */; };
		FF840FD71A779DC000B51B56 /* main.m in Sources */ = {isa = PBXBuildFile; fileRef = FF840FD61A779DC000B51B56 /* main.m */; };
		FF840FDA1A779DC000B51B56 /* AppDelegate.m in Sources */ = {isa = PBXBuildFile; fileRef = FF840FD91A779DC000B51B56 /* AppDelegate.m */; };
		FF840FDD1A779DC000B51B56 /* ViewController.m in Sources */ = {isa = PBXBuildFile; fileRef = FF840FDC1A779DC000B51B56 /* ViewController.m */; };
		FF840FE01A779DC000B51B56 /* Main.storyboard in Resources */ = {isa = PBXBuildFile; fileRef = FF840FDE1A779DC000B51B56 /* Main.storyboard */; };
		FF840FE21A779DC000B51B56 /* Images.xcassets in Resources */ = {isa = PBXBuildFile; fileRef = FF840FE11A779DC000B51B56 /* Images.xcassets */; };
		FF840FE51A779DC000B51B56 /* LaunchScreen.xib in Resources */ = {isa = PBXBuildFile; fileRef = FF840FE31A779DC000B51B56 /* LaunchScreen.xib */; };
		FF84100A1A779DFE00B51B56 /* 0.jpg in Resources */ = {isa = PBXBuildFile; fileRef = FF8410021A779DFE00B51B56 /* 0.jpg */; };
		FF84100B1A779DFE00B51B56 /* 1.jpg in Resources */ = {isa = PBXBuildFile; fileRef = FF8410031A779DFE00B51B56 /* 1.jpg */; };
		FF84100C1A779DFE00B51B56 /* 2.jpg in Resources */ = {isa = PBXBuildFile; fileRef = FF8410041A779DFE00B51B56 /* 2.jpg */; };
		FF84100D1A779DFE00B51B56 /* 3.jpg in Resources */ = {isa = PBXBuildFile; fileRef = FF8410051A779DFE00B51B56 /* 3.jpg */; };
		FF84100E1A779DFE00B51B56 /* 4.jpg in Resources */ = {isa = PBXBuildFile; fileRef = FF8410061A779DFE00B51B56 /* 4.jpg */; };
		FFCB183E1A788973001810D7 /* KBImageScrollView.m in Sources */ = {isa = PBXBuildFile; fileRef = FFCB183B1A788973001810D7 /* KBImageScrollView.m */; };
		FFCB183F1A788973001810D7 /* KBZoomableImageView.m in Sources */ = {isa = PBXBuildFile; fileRef = FFCB183D1A788973001810D7 /* KBZoomableImageView.m */; };
		FFCB189F1A78EDDA001810D7 /* 5.jpg in Resources */ = {isa = PBXBuildFile; fileRef = FFCB189E1A78EDDA001810D7 /* 5.jpg */; };
		FFCB18A31A78EF8A001810D7 /* KBImageScrollViewController.m in Sources */ = {isa = PBXBuildFile; fileRef = FFCB18A11A78EF8A001810D7 /* KBImageScrollViewController.m */; };
/* End PBXBuildFile section */

/* Begin PBXFileReference section */
		FF0C93F41A7A159D00B4072B /* 6.jpg */ = {isa = PBXFileReference; lastKnownFileType = image.jpeg; path = 6.jpg; sourceTree = "<group>"; };
		FF0C93F51A7A159D00B4072B /* 7.jpg */ = {isa = PBXFileReference; lastKnownFileType = image.jpeg; path = 7.jpg; sourceTree = "<group>"; };
		FF840FD11A779DC000B51B56 /* KBImageScrollViewDemo.app */ = {isa = PBXFileReference; explicitFileType = wrapper.application; includeInIndex = 0; path = KBImageScrollViewDemo.app; sourceTree = BUILT_PRODUCTS_DIR; };
		FF840FD51A779DC000B51B56 /* Info.plist */ = {isa = PBXFileReference; lastKnownFileType = text.plist.xml; path = Info.plist; sourceTree = "<group>"; };
		FF840FD61A779DC000B51B56 /* main.m */ = {isa = PBXFileReference; lastKnownFileType = sourcecode.c.objc; path = main.m; sourceTree = "<group>"; };
		FF840FD81A779DC000B51B56 /* AppDelegate.h */ = {isa = PBXFileReference; lastKnownFileType = sourcecode.c.h; path = AppDelegate.h; sourceTree = "<group>"; };
		FF840FD91A779DC000B51B56 /* AppDelegate.m */ = {isa = PBXFileReference; lastKnownFileType = sourcecode.c.objc; path = AppDelegate.m; sourceTree = "<group>"; };
		FF840FDB1A779DC000B51B56 /* ViewController.h */ = {isa = PBXFileReference; lastKnownFileType = sourcecode.c.h; path = ViewController.h; sourceTree = "<group>"; };
		FF840FDC1A779DC000B51B56 /* ViewController.m */ = {isa = PBXFileReference; lastKnownFileType = sourcecode.c.objc; path = ViewController.m; sourceTree = "<group>"; };
		FF840FDF1A779DC000B51B56 /* Base */ = {isa = PBXFileReference; lastKnownFileType = file.storyboard; name = Base; path = Base.lproj/Main.storyboard; sourceTree = "<group>"; };
		FF840FE11A779DC000B51B56 /* Images.xcassets */ = {isa = PBXFileReference; lastKnownFileType = folder.assetcatalog; path = Images.xcassets; sourceTree = "<group>"; };
		FF840FE41A779DC000B51B56 /* Base */ = {isa = PBXFileReference; lastKnownFileType = file.xib; name = Base; path = Base.lproj/LaunchScreen.xib; sourceTree = "<group>"; };
		FF8410021A779DFE00B51B56 /* 0.jpg */ = {isa = PBXFileReference; lastKnownFileType = image.jpeg; path = 0.jpg; sourceTree = "<group>"; };
		FF8410031A779DFE00B51B56 /* 1.jpg */ = {isa = PBXFileReference; lastKnownFileType = image.jpeg; path = 1.jpg; sourceTree = "<group>"; };
		FF8410041A779DFE00B51B56 /* 2.jpg */ = {isa = PBXFileReference; lastKnownFileType = image.jpeg; path = 2.jpg; sourceTree = "<group>"; };
		FF8410051A779DFE00B51B56 /* 3.jpg */ = {isa = PBXFileReference; lastKnownFileType = image.jpeg; path = 3.jpg; sourceTree = "<group>"; };
		FF8410061A779DFE00B51B56 /* 4.jpg */ = {isa = PBXFileReference; lastKnownFileType = image.jpeg; path = 4.jpg; sourceTree = "<group>"; };
		FFCB183A1A788973001810D7 /* KBImageScrollView.h */ = {isa = PBXFileReference; fileEncoding = 4; lastKnownFileType = sourcecode.c.h; path = KBImageScrollView.h; sourceTree = "<group>"; };
		FFCB183B1A788973001810D7 /* KBImageScrollView.m */ = {isa = PBXFileReference; fileEncoding = 4; lastKnownFileType = sourcecode.c.objc; path = KBImageScrollView.m; sourceTree = "<group>"; };
		FFCB183C1A788973001810D7 /* KBZoomableImageView.h */ = {isa = PBXFileReference; fileEncoding = 4; lastKnownFileType = sourcecode.c.h; path = KBZoomableImageView.h; sourceTree = "<group>"; };
		FFCB183D1A788973001810D7 /* KBZoomableImageView.m */ = {isa = PBXFileReference; fileEncoding = 4; lastKnownFileType = sourcecode.c.objc; path = KBZoomableImageView.m; sourceTree = "<group>"; };
		FFCB189E1A78EDDA001810D7 /* 5.jpg */ = {isa = PBXFileReference; lastKnownFileType = image.jpeg; path = 5.jpg; sourceTree = "<group>"; };
		FFCB18A01A78EF8A001810D7 /* KBImageScrollViewController.h */ = {isa = PBXFileReference; fileEncoding = 4; lastKnownFileType = sourcecode.c.h; path = KBImageScrollViewController.h; sourceTree = "<group>"; };
		FFCB18A11A78EF8A001810D7 /* KBImageScrollViewController.m */ = {isa = PBXFileReference; fileEncoding = 4; lastKnownFileType = sourcecode.c.objc; path = KBImageScrollViewController.m; sourceTree = "<group>"; };
/* End PBXFileReference section */

/* Begin PBXFrameworksBuildPhase section */
		FF840FCE1A779DC000B51B56 /* Frameworks */ = {
			isa = PBXFrameworksBuildPhase;
			buildActionMask = 2147483647;
			files = (
			);
			runOnlyForDeploymentPostprocessing = 0;
		};
/* End PBXFrameworksBuildPhase section */

/* Begin PBXGroup section */
		FF840FC81A779DC000B51B56 = {
			isa = PBXGroup;
			children = (
				FF840FD31A779DC000B51B56 /* KBImageScrollView */,
				FF840FD21A779DC000B51B56 /* Products */,
			);
			sourceTree = "<group>";
		};
		FF840FD21A779DC000B51B56 /* Products */ = {
			isa = PBXGroup;
			children = (
				FF840FD11A779DC000B51B56 /* KBImageScrollViewDemo.app */,
			);
			name = Products;
			sourceTree = "<group>";
		};
		FF840FD31A779DC000B51B56 /* KBImageScrollView */ = {
			isa = PBXGroup;
			children = (
				FFCB18391A788973001810D7 /* Classes */,
				FF8410011A779DFE00B51B56 /* Resources */,
				FF840FD81A779DC000B51B56 /* AppDelegate.h */,
				FF840FD91A779DC000B51B56 /* AppDelegate.m */,
				FF840FDB1A779DC000B51B56 /* ViewController.h */,
				FF840FDC1A779DC000B51B56 /* ViewController.m */,
				FF840FDE1A779DC000B51B56 /* Main.storyboard */,
				FF840FE11A779DC000B51B56 /* Images.xcassets */,
				FF840FE31A779DC000B51B56 /* LaunchScreen.xib */,
				FF840FD41A779DC000B51B56 /* Supporting Files */,
			);
			path = KBImageScrollView;
			sourceTree = "<group>";
		};
		FF840FD41A779DC000B51B56 /* Supporting Files */ = {
			isa = PBXGroup;
			children = (
				FF840FD51A779DC000B51B56 /* Info.plist */,
				FF840FD61A779DC000B51B56 /* main.m */,
			);
			name = "Supporting Files";
			sourceTree = "<group>";
		};
		FF8410011A779DFE00B51B56 /* Resources */ = {
			isa = PBXGroup;
			children = (
				FF8410021A779DFE00B51B56 /* 0.jpg */,
				FF8410031A779DFE00B51B56 /* 1.jpg */,
				FF8410041A779DFE00B51B56 /* 2.jpg */,
				FF8410051A779DFE00B51B56 /* 3.jpg */,
				FF8410061A779DFE00B51B56 /* 4.jpg */,
				FFCB189E1A78EDDA001810D7 /* 5.jpg */,
				FF0C93F41A7A159D00B4072B /* 6.jpg */,
				FF0C93F51A7A159D00B4072B /* 7.jpg */,
			);
			path = Resources;
			sourceTree = "<group>";
		};
		FFCB18391A788973001810D7 /* Classes */ = {
			isa = PBXGroup;
			children = (
				FFCB183A1A788973001810D7 /* KBImageScrollView.h */,
				FFCB183B1A788973001810D7 /* KBImageScrollView.m */,
				FFCB183C1A788973001810D7 /* KBZoomableImageView.h */,
				FFCB183D1A788973001810D7 /* KBZoomableImageView.m */,
				FFCB18A01A78EF8A001810D7 /* KBImageScrollViewController.h */,
				FFCB18A11A78EF8A001810D7 /* KBImageScrollViewController.m */,
			);
			name = Classes;
			path = ../../KBImageScrollView;
			sourceTree = "<group>";
		};
/* End PBXGroup section */

/* Begin PBXNativeTarget section */
		FF840FD01A779DC000B51B56 /* KBImageScrollViewDemo */ = {
			isa = PBXNativeTarget;
			buildConfigurationList = FF840FF41A779DC100B51B56 /* Build configuration list for PBXNativeTarget "KBImageScrollViewDemo" */;
			buildPhases = (
				FF840FCD1A779DC000B51B56 /* Sources */,
				FF840FCE1A779DC000B51B56 /* Frameworks */,
				FF840FCF1A779DC000B51B56 /* Resources */,
			);
			buildRules = (
			);
			dependencies = (
			);
			name = KBImageScrollViewDemo;
			productName = KBImageScrollView;
			productReference = FF840FD11A779DC000B51B56 /* KBImageScrollViewDemo.app */;
			productType = "com.apple.product-type.application";
		};
/* End PBXNativeTarget section */

/* Begin PBXProject section */
		FF840FC91A779DC000B51B56 /* Project object */ = {
			isa = PBXProject;
			attributes = {
				LastUpgradeCheck = 0610;
				ORGANIZATIONNAME = "Khoi Truong Minh";
				TargetAttributes = {
					FF840FD01A779DC000B51B56 = {
						CreatedOnToolsVersion = 6.1;
					};
				};
			};
			buildConfigurationList = FF840FCC1A779DC000B51B56 /* Build configuration list for PBXProject "KBImageScrollViewDemo" */;
			compatibilityVersion = "Xcode 3.2";
			developmentRegion = English;
			hasScannedForEncodings = 0;
			knownRegions = (
				en,
				Base,
			);
			mainGroup = FF840FC81A779DC000B51B56;
			productRefGroup = FF840FD21A779DC000B51B56 /* Products */;
			projectDirPath = "";
			projectRoot = "";
			targets = (
				FF840FD01A779DC000B51B56 /* KBImageScrollViewDemo */,
			);
		};
/* End PBXProject section */

/* Begin PBXResourcesBuildPhase section */
		FF840FCF1A779DC000B51B56 /* Resources */ = {
			isa = PBXResourcesBuildPhase;
			buildActionMask = 2147483647;
			files = (
				FF0C93F71A7A159D00B4072B /* 7.jpg in Resources */,
				FF84100E1A779DFE00B51B56 /* 4.jpg in Resources */,
				FF84100C1A779DFE00B51B56 /* 2.jpg in Resources */,
				FF84100A1A779DFE00B51B56 /* 0.jpg in Resources */,
				FFCB189F1A78EDDA001810D7 /* 5.jpg in Resources */,
				FF0C93F61A7A159D00B4072B /* 6.jpg in Resources */,
				FF840FE01A779DC000B51B56 /* Main.storyboard in Resources */,
				FF840FE51A779DC000B51B56 /* LaunchScreen.xib in Resources */,
				FF840FE21A779DC000B51B56 /* Images.xcassets in Resources */,
				FF84100D1A779DFE00B51B56 /* 3.jpg in Resources */,
				FF84100B1A779DFE00B51B56 /* 1.jpg in Resources */,
			);
			runOnlyForDeploymentPostprocessing = 0;
		};
/* End PBXResourcesBuildPhase section */

/* Begin PBXSourcesBuildPhase section */
		FF840FCD1A779DC000B51B56 /* Sources */ = {
			isa = PBXSourcesBuildPhase;
			buildActionMask = 2147483647;
			files = (
				FFCB183E1A788973001810D7 /* KBImageScrollView.m in Sources */,
				FF840FDD1A779DC000B51B56 /* ViewController.m in Sources */,
				FFCB18A31A78EF8A001810D7 /* KBImageScrollViewController.m in Sources */,
				FF840FDA1A779DC000B51B56 /* AppDelegate.m in Sources */,
				FF840FD71A779DC000B51B56 /* main.m in Sources */,
				FFCB183F1A788973001810D7 /* KBZoomableImageView.m in Sources */,
			);
			runOnlyForDeploymentPostprocessing = 0;
		};
/* End PBXSourcesBuildPhase section */

/* Begin PBXVariantGroup section */
		FF840FDE1A779DC000B51B56 /* Main.storyboard */ = {
			isa = PBXVariantGroup;
			children = (
				FF840FDF1A779DC000B51B56 /* Base */,
			);
			name = Main.storyboard;
			sourceTree = "<group>";
		};
		FF840FE31A779DC000B51B56 /* LaunchScreen.xib */ = {
			isa = PBXVariantGroup;
			children = (
				FF840FE41A779DC000B51B56 /* Base */,
			);
			name = LaunchScreen.xib;
			sourceTree = "<group>";
		};
/* End PBXVariantGroup section */

/* Begin XCBuildConfiguration section */
		FF840FF21A779DC100B51B56 /* Debug */ = {
			isa = XCBuildConfiguration;
			buildSettings = {
				ALWAYS_SEARCH_USER_PATHS = NO;
				CLANG_CXX_LANGUAGE_STANDARD = "gnu++0x";
				CLANG_CXX_LIBRARY = "libc++";
				CLANG_ENABLE_MODULES = YES;
				CLANG_ENABLE_OBJC_ARC = YES;
				CLANG_WARN_BOOL_CONVERSION = YES;
				CLANG_WARN_CONSTANT_CONVERSION = YES;
				CLANG_WARN_DIRECT_OBJC_ISA_USAGE = YES_ERROR;
				CLANG_WARN_EMPTY_BODY = YES;
				CLANG_WARN_ENUM_CONVERSION = YES;
				CLANG_WARN_INT_CONVERSION = YES;
				CLANG_WARN_OBJC_ROOT_CLASS = YES_ERROR;
				CLANG_WARN_UNREACHABLE_CODE = YES;
				CLANG_WARN__DUPLICATE_METHOD_MATCH = YES;
				"CODE_SIGN_IDENTITY[sdk=iphoneos*]" = "iPhone Developer";
				COPY_PHASE_STRIP = NO;
				ENABLE_STRICT_OBJC_MSGSEND = YES;
				GCC_C_LANGUAGE_STANDARD = gnu99;
				GCC_DYNAMIC_NO_PIC = NO;
				GCC_OPTIMIZATION_LEVEL = 0;
				GCC_PREPROCESSOR_DEFINITIONS = (
					"DEBUG=1",
					"$(inherited)",
				);
				GCC_SYMBOLS_PRIVATE_EXTERN = NO;
				GCC_WARN_64_TO_32_BIT_CONVERSION = YES;
				GCC_WARN_ABOUT_RETURN_TYPE = YES_ERROR;
				GCC_WARN_UNDECLARED_SELECTOR = YES;
				GCC_WARN_UNINITIALIZED_AUTOS = YES_AGGRESSIVE;
				GCC_WARN_UNUSED_FUNCTION = YES;
				GCC_WARN_UNUSED_VARIABLE = YES;
				IPHONEOS_DEPLOYMENT_TARGET = 8.1;
				MTL_ENABLE_DEBUG_INFO = YES;
				ONLY_ACTIVE_ARCH = YES;
				SDKROOT = iphoneos;
				TARGETED_DEVICE_FAMILY = "1,2";
			};
			name = Debug;
		};
		FF840FF31A779DC100B51B56 /* Release */ = {
			isa = XCBuildConfiguration;
			buildSettings = {
				ALWAYS_SEARCH_USER_PATHS = NO;
				CLANG_CXX_LANGUAGE_STANDARD = "gnu++0x";
				CLANG_CXX_LIBRARY = "libc++";
				CLANG_ENABLE_MODULES = YES;
				CLANG_ENABLE_OBJC_ARC = YES;
				CLANG_WARN_BOOL_CONVERSION = YES;
				CLANG_WARN_CONSTANT_CONVERSION = YES;
				CLANG_WARN_DIRECT_OBJC_ISA_USAGE = YES_ERROR;
				CLANG_WARN_EMPTY_BODY = YES;
				CLANG_WARN_ENUM_CONVERSION = YES;
				CLANG_WARN_INT_CONVERSION = YES;
				CLANG_WARN_OBJC_ROOT_CLASS = YES_ERROR;
				CLANG_WARN_UNREACHABLE_CODE = YES;
				CLANG_WARN__DUPLICATE_METHOD_MATCH = YES;
				"CODE_SIGN_IDENTITY[sdk=iphoneos*]" = "iPhone Developer";
				COPY_PHASE_STRIP = YES;
				ENABLE_NS_ASSERTIONS = NO;
				ENABLE_STRICT_OBJC_MSGSEND = YES;
				GCC_C_LANGUAGE_STANDARD = gnu99;
				GCC_WARN_64_TO_32_BIT_CONVERSION = YES;
				GCC_WARN_ABOUT_RETURN_TYPE = YES_ERROR;
				GCC_WARN_UNDECLARED_SELECTOR = YES;
				GCC_WARN_UNINITIALIZED_AUTOS = YES_AGGRESSIVE;
				GCC_WARN_UNUSED_FUNCTION = YES;
				GCC_WARN_UNUSED_VARIABLE = YES;
				IPHONEOS_DEPLOYMENT_TARGET = 8.1;
				MTL_ENABLE_DEBUG_INFO = NO;
				SDKROOT = iphoneos;
				TARGETED_DEVICE_FAMILY = "1,2";
				VALIDATE_PRODUCT = YES;
			};
			name = Release;
		};
		FF840FF51A779DC100B51B56 /* Debug */ = {
			isa = XCBuildConfiguration;
			buildSettings = {
				ASSETCATALOG_COMPILER_APPICON_NAME = AppIcon;
				INFOPLIST_FILE = KBImageScrollView/Info.plist;
				LD_RUNPATH_SEARCH_PATHS = "$(inherited) @executable_path/Frameworks";
				PRODUCT_NAME = KBImageScrollViewDemo;
			};
			name = Debug;
		};
		FF840FF61A779DC100B51B56 /* Release */ = {
			isa = XCBuildConfiguration;
			buildSettings = {
				ASSETCATALOG_COMPILER_APPICON_NAME = AppIcon;
				INFOPLIST_FILE = KBImageScrollView/Info.plist;
				LD_RUNPATH_SEARCH_PATHS = "$(inherited) @executable_path/Frameworks";
				PRODUCT_NAME = KBImageScrollViewDemo;
			};
			name = Release;
		};
/* End XCBuildConfiguration section */

/* Begin XCConfigurationList section */
		FF840FCC1A779DC000B51B56 /* Build configuration list for PBXProject "KBImageScrollViewDemo" */ = {
			isa = XCConfigurationList;
			buildConfigurations = (
				FF840FF21A779DC100B51B56 /* Debug */,
				FF840FF31A779DC100B51B56 /* Release */,
			);
			defaultConfigurationIsVisible = 0;
			defaultConfigurationName = Release;
		};
		FF840FF41A779DC100B51B56 /* Build configuration list for PBXNativeTarget "KBImageScrollViewDemo" */ = {
			isa = XCConfigurationList;
			buildConfigurations = (
				FF840FF51A779DC100B51B56 /* Debug */,
				FF840FF61A779DC100B51B56 /* Release */,
			);
			defaultConfigurationIsVisible = 0;
			defaultConfigurationName = Release;
		};
/* End XCConfigurationList section */
	};
	rootObject = FF840FC91A779DC000B51B56 /* Project object */;
}
